
Microsoft Visual Studio Solution File, Format Version 12.00
# Visual Studio Version 16
VisualStudioVersion = 16.0.31605.320
MinimumVisualStudioVersion = 10.0.40219.1
Project("{9A19103F-16F7-4668-BE54-9A1E7A4F7556}") = "NcdcClimateData", "NcdcClimateData\NcdcClimateData.csproj", "{EB9B9653-1D01-459B-93BF-CAD1D6592AC7}"
EndProject
Project("{9A19103F-16F7-4668-BE54-9A1E7A4F7556}") = "NcdcClimateDataTests", "NcdcClimateDataTests\NcdcClimateDataTests.csproj", "{39B76432-9DEB-4AFF-A87A-A9E5497F0CAA}"
EndProject
Project("{2150E333-8FDC-42A3-9474-1A3956D46DE8}") = "Solution Items", "Solution Items", "{C5549765-3B12-4EB4-98E0-9BF15E15E24D}"
	ProjectSection(SolutionItems) = preProject
		.gitignore = .gitignore
		readme.md = readme.md
	EndProjectSection
EndProject
Global
	GlobalSection(SolutionConfigurationPlatforms) = preSolution
		Debug|Any CPU = Debug|Any CPU
		Release|Any CPU = Release|Any CPU
	EndGlobalSection
	GlobalSection(ProjectConfigurationPlatforms) = postSolution
		{EB9B9653-1D01-459B-93BF-CAD1D6592AC7}.Debug|Any CPU.ActiveCfg = Debug|Any CPU
		{EB9B9653-1D01-459B-93BF-CAD1D6592AC7}.Debug|Any CPU.Build.0 = Debug|Any CPU
		{EB9B9653-1D01-459B-93BF-CAD1D6592AC7}.Release|Any CPU.ActiveCfg = Release|Any CPU
		{EB9B9653-1D01-459B-93BF-CAD1D6592AC7}.Release|Any CPU.Build.0 = Release|Any CPU
		{39B76432-9DEB-4AFF-A87A-A9E5497F0CAA}.Debug|Any CPU.ActiveCfg = Debug|Any CPU
		{39B76432-9DEB-4AFF-A87A-A9E5497F0CAA}.Debug|Any CPU.Build.0 = Debug|Any CPU
		{39B76432-9DEB-4AFF-A87A-A9E5497F0CAA}.Release|Any CPU.ActiveCfg = Release|Any CPU
		{39B76432-9DEB-4AFF-A87A-A9E5497F0CAA}.Release|Any CPU.Build.0 = Release|Any CPU
	EndGlobalSection
	GlobalSection(SolutionProperties) = preSolution
		HideSolutionNode = FALSE
	EndGlobalSection
	GlobalSection(ExtensibilityGlobals) = postSolution
		SolutionGuid = {83967AC0-908A-474C-A359-1A9259F590F9}
	EndGlobalSection
EndGlobal
